// !$*UTF8*$!
{
	archiveVersion = 1;
	classes = {
	};
	objectVersion = 48;
	objects = {

/* Begin PBXBuildFile section */
		C4D8327820119B2000BB484D /* AppDelegate.swift in Sources */ = {isa = PBXBuildFile; fileRef = C4D8327720119B2000BB484D /* AppDelegate.swift */; };
		C4D8327A20119B2000BB484D /* ViewController.swift in Sources */ = {isa = PBXBuildFile; fileRef = C4D8327920119B2000BB484D /* ViewController.swift */; };
		C4D8327D20119B2000BB484D /* Main.storyboard in Resources */ = {isa = PBXBuildFile; fileRef = C4D8327B20119B2000BB484D /* Main.storyboard */; };
		C4D8327F20119B2000BB484D /* Assets.xcassets in Resources */ = {isa = PBXBuildFile; fileRef = C4D8327E20119B2000BB484D /* Assets.xcassets */; };
		C4D8328220119B2000BB484D /* LaunchScreen.storyboard in Resources */ = {isa = PBXBuildFile; fileRef = C4D8328020119B2000BB484D /* LaunchScreen.storyboard */; };
		C4D8328D20119B2000BB484D /* Quiz_iOS_LulusTests.swift in Sources */ = {isa = PBXBuildFile; fileRef = C4D8328C20119B2000BB484D /* Quiz_iOS_LulusTests.swift */; };
		C4D8329820119B2000BB484D /* Quiz_iOS_LulusUITests.swift in Sources */ = {isa = PBXBuildFile; fileRef = C4D8329720119B2000BB484D /* Quiz_iOS_LulusUITests.swift */; };
/* End PBXBuildFile section */

/* Begin PBXContainerItemProxy section */
		C4D8328920119B2000BB484D /* PBXContainerItemProxy */ = {
			isa = PBXContainerItemProxy;
			containerPortal = C4D8326C20119B2000BB484D /* Project object */;
			proxyType = 1;
			remoteGlobalIDString = C4D8327320119B2000BB484D;
			remoteInfo = "Quiz iOS Lulus";
		};
		C4D8329420119B2000BB484D /* PBXContainerItemProxy */ = {
			isa = PBXContainerItemProxy;
			containerPortal = C4D8326C20119B2000BB484D /* Project object */;
			proxyType = 1;
			remoteGlobalIDString = C4D8327320119B2000BB484D;
			remoteInfo = "Quiz iOS Lulus";
		};
/* End PBXContainerItemProxy section */

/* Begin PBXFileReference section */
		C4D8327420119B2000BB484D /* Quiz iOS Lulus.app */ = {isa = PBXFileReference; explicitFileType = wrapper.application; includeInIndex = 0; path = "Quiz iOS Lulus.app"; sourceTree = BUILT_PRODUCTS_DIR; };
		C4D8327720119B2000BB484D /* AppDelegate.swift */ = {isa = PBXFileReference; lastKnownFileType = sourcecode.swift; path = AppDelegate.swift; sourceTree = "<group>"; };
		C4D8327920119B2000BB484D /* ViewController.swift */ = {isa = PBXFileReference; lastKnownFileType = sourcecode.swift; path = ViewController.swift; sourceTree = "<group>"; };
		C4D8327C20119B2000BB484D /* Base */ = {isa = PBXFileReference; lastKnownFileType = file.storyboard; name = Base; path = Base.lproj/Main.storyboard; sourceTree = "<group>"; };
		C4D8327E20119B2000BB484D /* Assets.xcassets */ = {isa = PBXFileReference; lastKnownFileType = folder.assetcatalog; path = Assets.xcassets; sourceTree = "<group>"; };
		C4D8328120119B2000BB484D /* Base */ = {isa = PBXFileReference; lastKnownFileType = file.storyboard; name = Base; path = Base.lproj/LaunchScreen.storyboard; sourceTree = "<group>"; };
		C4D8328320119B2000BB484D /* Info.plist */ = {isa = PBXFileReference; lastKnownFileType = text.plist.xml; path = Info.plist; sourceTree = "<group>"; };
		C4D8328820119B2000BB484D /* Quiz iOS LulusTests.xctest */ = {isa = PBXFileReference; explicitFileType = wrapper.cfbundle; includeInIndex = 0; path = "Quiz iOS LulusTests.xctest"; sourceTree = BUILT_PRODUCTS_DIR; };
		C4D8328C20119B2000BB484D /* Quiz_iOS_LulusTests.swift */ = {isa = PBXFileReference; lastKnownFileType = sourcecode.swift; path = Quiz_iOS_LulusTests.swift; sourceTree = "<group>"; };
		C4D8328E20119B2000BB484D /* Info.plist */ = {isa = PBXFileReference; lastKnownFileType = text.plist.xml; path = Info.plist; sourceTree = "<group>"; };
		C4D8329320119B2000BB484D /* Quiz iOS LulusUITests.xctest */ = {isa = PBXFileReference; explicitFileType = wrapper.cfbundle; includeInIndex = 0; path = "Quiz iOS LulusUITests.xctest"; sourceTree = BUILT_PRODUCTS_DIR; };
		C4D8329720119B2000BB484D /* Quiz_iOS_LulusUITests.swift */ = {isa = PBXFileReference; lastKnownFileType = sourcecode.swift; path = Quiz_iOS_LulusUITests.swift; sourceTree = "<group>"; };
		C4D8329920119B2000BB484D /* Info.plist */ = {isa = PBXFileReference; lastKnownFileType = text.plist.xml; path = Info.plist; sourceTree = "<group>"; };
/* End PBXFileReference section */

/* Begin PBXFrameworksBuildPhase section */
		C4D8327120119B2000BB484D /* Frameworks */ = {
			isa = PBXFrameworksBuildPhase;
			buildActionMask = 2147483647;
			files = (
			);
			runOnlyForDeploymentPostprocessing = 0;
		};
		C4D8328520119B2000BB484D /* Frameworks */ = {
			isa = PBXFrameworksBuildPhase;
			buildActionMask = 2147483647;
			files = (
			);
			runOnlyForDeploymentPostprocessing = 0;
		};
		C4D8329020119B2000BB484D /* Frameworks */ = {
			isa = PBXFrameworksBuildPhase;
			buildActionMask = 2147483647;
			files = (
			);
			runOnlyForDeploymentPostprocessing = 0;
		};
/* End PBXFrameworksBuildPhase section */

/* Begin PBXGroup section */
		C4D8326B20119B2000BB484D = {
			isa = PBXGroup;
			children = (
				C4D8327620119B2000BB484D /* Quiz iOS Lulus */,
				C4D8328B20119B2000BB484D /* Quiz iOS LulusTests */,
				C4D8329620119B2000BB484D /* Quiz iOS LulusUITests */,
				C4D8327520119B2000BB484D /* Products */,
			);
			sourceTree = "<group>";
		};
		C4D8327520119B2000BB484D /* Products */ = {
			isa = PBXGroup;
			children = (
				C4D8327420119B2000BB484D /* Quiz iOS Lulus.app */,
				C4D8328820119B2000BB484D /* Quiz iOS LulusTests.xctest */,
				C4D8329320119B2000BB484D /* Quiz iOS LulusUITests.xctest */,
			);
			name = Products;
			sourceTree = "<group>";
		};
		C4D8327620119B2000BB484D /* Quiz iOS Lulus */ = {
			isa = PBXGroup;
			children = (
				C4D8327720119B2000BB484D /* AppDelegate.swift */,
				C4D8327920119B2000BB484D /* ViewController.swift */,
				C4D8327B20119B2000BB484D /* Main.storyboard */,
				C4D8327E20119B2000BB484D /* Assets.xcassets */,
				C4D8328020119B2000BB484D /* LaunchScreen.storyboard */,
				C4D8328320119B2000BB484D /* Info.plist */,
			);
			path = "Quiz iOS Lulus";
			sourceTree = "<group>";
		};
		C4D8328B20119B2000BB484D /* Quiz iOS LulusTests */ = {
			isa = PBXGroup;
			children = (
				C4D8328C20119B2000BB484D /* Quiz_iOS_LulusTests.swift */,
				C4D8328E20119B2000BB484D /* Info.plist */,
			);
			path = "Quiz iOS LulusTests";
			sourceTree = "<group>";
		};
		C4D8329620119B2000BB484D /* Quiz iOS LulusUITests */ = {
			isa = PBXGroup;
			children = (
				C4D8329720119B2000BB484D /* Quiz_iOS_LulusUITests.swift */,
				C4D8329920119B2000BB484D /* Info.plist */,
			);
			path = "Quiz iOS LulusUITests";
			sourceTree = "<group>";
		};
/* End PBXGroup section */

/* Begin PBXNativeTarget section */
		C4D8327320119B2000BB484D /* Quiz iOS Lulus */ = {
			isa = PBXNativeTarget;
			buildConfigurationList = C4D8329C20119B2000BB484D /* Build configuration list for PBXNativeTarget "Quiz iOS Lulus" */;
			buildPhases = (
				C4D8327020119B2000BB484D /* Sources */,
				C4D8327120119B2000BB484D /* Frameworks */,
				C4D8327220119B2000BB484D /* Resources */,
			);
			buildRules = (
			);
			dependencies = (
			);
			name = "Quiz iOS Lulus";
			productName = "Quiz iOS Lulus";
			productReference = C4D8327420119B2000BB484D /* Quiz iOS Lulus.app */;
			productType = "com.apple.product-type.application";
		};
		C4D8328720119B2000BB484D /* Quiz iOS LulusTests */ = {
			isa = PBXNativeTarget;
			buildConfigurationList = C4D8329F20119B2000BB484D /* Build configuration list for PBXNativeTarget "Quiz iOS LulusTests" */;
			buildPhases = (
				C4D8328420119B2000BB484D /* Sources */,
				C4D8328520119B2000BB484D /* Frameworks */,
				C4D8328620119B2000BB484D /* Resources */,
			);
			buildRules = (
			);
			dependencies = (
				C4D8328A20119B2000BB484D /* PBXTargetDependency */,
			);
			name = "Quiz iOS LulusTests";
			productName = "Quiz iOS LulusTests";
			productReference = C4D8328820119B2000BB484D /* Quiz iOS LulusTests.xctest */;
			productType = "com.apple.product-type.bundle.unit-test";
		};
		C4D8329220119B2000BB484D /* Quiz iOS LulusUITests */ = {
			isa = PBXNativeTarget;
			buildConfigurationList = C4D832A220119B2000BB484D /* Build configuration list for PBXNativeTarget "Quiz iOS LulusUITests" */;
			buildPhases = (
				C4D8328F20119B2000BB484D /* Sources */,
				C4D8329020119B2000BB484D /* Frameworks */,
				C4D8329120119B2000BB484D /* Resources */,
			);
			buildRules = (
			);
			dependencies = (
				C4D8329520119B2000BB484D /* PBXTargetDependency */,
			);
			name = "Quiz iOS LulusUITests";
			productName = "Quiz iOS LulusUITests";
			productReference = C4D8329320119B2000BB484D /* Quiz iOS LulusUITests.xctest */;
			productType = "com.apple.product-type.bundle.ui-testing";
		};
/* End PBXNativeTarget section */

/* Begin PBXProject section */
		C4D8326C20119B2000BB484D /* Project object */ = {
			isa = PBXProject;
			attributes = {
				LastSwiftUpdateCheck = 0900;
				LastUpgradeCheck = 0900;
				ORGANIZATIONNAME = Gw;
				TargetAttributes = {
					C4D8327320119B2000BB484D = {
						CreatedOnToolsVersion = 9.0;
						ProvisioningStyle = Automatic;
					};
					C4D8328720119B2000BB484D = {
						CreatedOnToolsVersion = 9.0;
						ProvisioningStyle = Automatic;
						TestTargetID = C4D8327320119B2000BB484D;
					};
					C4D8329220119B2000BB484D = {
						CreatedOnToolsVersion = 9.0;
						ProvisioningStyle = Automatic;
						TestTargetID = C4D8327320119B2000BB484D;
					};
				};
			};
			buildConfigurationList = C4D8326F20119B2000BB484D /* Build configuration list for PBXProject "Quiz iOS Lulus" */;
			compatibilityVersion = "Xcode 8.0";
			developmentRegion = en;
			hasScannedForEncodings = 0;
			knownRegions = (
				en,
				Base,
			);
			mainGroup = C4D8326B20119B2000BB484D;
			productRefGroup = C4D8327520119B2000BB484D /* Products */;
			projectDirPath = "";
			projectRoot = "";
			targets = (
				C4D8327320119B2000BB484D /* Quiz iOS Lulus */,
				C4D8328720119B2000BB484D /* Quiz iOS LulusTests */,
				C4D8329220119B2000BB484D /* Quiz iOS LulusUITests */,
			);
		};
/* End PBXProject section */

/* Begin PBXResourcesBuildPhase section */
		C4D8327220119B2000BB484D /* Resources */ = {
			isa = PBXResourcesBuildPhase;
			buildActionMask = 2147483647;
			files = (
				C4D8328220119B2000BB484D /* LaunchScreen.storyboard in Resources */,
				C4D8327F20119B2000BB484D /* Assets.xcassets in Resources */,
				C4D8327D20119B2000BB484D /* Main.storyboard in Resources */,
			);
			runOnlyForDeploymentPostprocessing = 0;
		};
		C4D8328620119B2000BB484D /* Resources */ = {
			isa = PBXResourcesBuildPhase;
			buildActionMask = 2147483647;
			files = (
			);
			runOnlyForDeploymentPostprocessing = 0;
		};
		C4D8329120119B2000BB484D /* Resources */ = {
			isa = PBXResourcesBuildPhase;
			buildActionMask = 2147483647;
			files = (
			);
			runOnlyForDeploymentPostprocessing = 0;
		};
/* End PBXResourcesBuildPhase section */

/* Begin PBXSourcesBuildPhase section */
		C4D8327020119B2000BB484D /* Sources */ = {
			isa = PBXSourcesBuildPhase;
			buildActionMask = 2147483647;
			files = (
				C4D8327A20119B2000BB484D /* ViewController.swift in Sources */,
				C4D8327820119B2000BB484D /* AppDelegate.swift in Sources */,
			);
			runOnlyForDeploymentPostprocessing = 0;
		};
		C4D8328420119B2000BB484D /* Sources */ = {
			isa = PBXSourcesBuildPhase;
			buildActionMask = 2147483647;
			files = (
				C4D8328D20119B2000BB484D /* Quiz_iOS_LulusTests.swift in Sources */,
			);
			runOnlyForDeploymentPostprocessing = 0;
		};
		C4D8328F20119B2000BB484D /* Sources */ = {
			isa = PBXSourcesBuildPhase;
			buildActionMask = 2147483647;
			files = (
				C4D8329820119B2000BB484D /* Quiz_iOS_LulusUITests.swift in Sources */,
			);
			runOnlyForDeploymentPostprocessing = 0;
		};
/* End PBXSourcesBuildPhase section */

/* Begin PBXTargetDependency section */
		C4D8328A20119B2000BB484D /* PBXTargetDependency */ = {
			isa = PBXTargetDependency;
			target = C4D8327320119B2000BB484D /* Quiz iOS Lulus */;
			targetProxy = C4D8328920119B2000BB484D /* PBXContainerItemProxy */;
		};
		C4D8329520119B2000BB484D /* PBXTargetDependency */ = {
			isa = PBXTargetDependency;
			target = C4D8327320119B2000BB484D /* Quiz iOS Lulus */;
			targetProxy = C4D8329420119B2000BB484D /* PBXContainerItemProxy */;
		};
/* End PBXTargetDependency section */

/* Begin PBXVariantGroup section */
		C4D8327B20119B2000BB484D /* Main.storyboard */ = {
			isa = PBXVariantGroup;
			children = (
				C4D8327C20119B2000BB484D /* Base */,
			);
			name = Main.storyboard;
			sourceTree = "<group>";
		};
		C4D8328020119B2000BB484D /* LaunchScreen.storyboard */ = {
			isa = PBXVariantGroup;
			children = (
				C4D8328120119B2000BB484D /* Base */,
			);
			name = LaunchScreen.storyboard;
			sourceTree = "<group>";
		};
/* End PBXVariantGroup section */

/* Begin XCBuildConfiguration section */
		C4D8329A20119B2000BB484D /* Debug */ = {
			isa = XCBuildConfiguration;
			buildSettings = {
				ALWAYS_SEARCH_USER_PATHS = NO;
				CLANG_ANALYZER_NONNULL = YES;
				CLANG_ANALYZER_NUMBER_OBJECT_CONVERSION = YES_AGGRESSIVE;
				CLANG_CXX_LANGUAGE_STANDARD = "gnu++14";
				CLANG_CXX_LIBRARY = "libc++";
				CLANG_ENABLE_MODULES = YES;
				CLANG_ENABLE_OBJC_ARC = YES;
				CLANG_WARN_BLOCK_CAPTURE_AUTORELEASING = YES;
				CLANG_WARN_BOOL_CONVERSION = YES;
				CLANG_WARN_COMMA = YES;
				CLANG_WARN_CONSTANT_CONVERSION = YES;
				CLANG_WARN_DIRECT_OBJC_ISA_USAGE = YES_ERROR;
				CLANG_WARN_DOCUMENTATION_COMMENTS = YES;
				CLANG_WARN_EMPTY_BODY = YES;
				CLANG_WARN_ENUM_CONVERSION = YES;
				CLANG_WARN_INFINITE_RECURSION = YES;
				CLANG_WARN_INT_CONVERSION = YES;
				CLANG_WARN_NON_LITERAL_NULL_CONVERSION = YES;
				CLANG_WARN_OBJC_LITERAL_CONVERSION = YES;
				CLANG_WARN_OBJC_ROOT_CLASS = YES_ERROR;
				CLANG_WARN_RANGE_LOOP_ANALYSIS = YES;
				CLANG_WARN_STRICT_PROTOTYPES = YES;
				CLANG_WARN_SUSPICIOUS_MOVE = YES;
				CLANG_WARN_UNGUARDED_AVAILABILITY = YES_AGGRESSIVE;
				CLANG_WARN_UNREACHABLE_CODE = YES;
				CLANG_WARN__DUPLICATE_METHOD_MATCH = YES;
				CODE_SIGN_IDENTITY = "iPhone Developer";
				COPY_PHASE_STRIP = NO;
				DEBUG_INFORMATION_FORMAT = dwarf;
				ENABLE_STRICT_OBJC_MSGSEND = YES;
				ENABLE_TESTABILITY = YES;
				GCC_C_LANGUAGE_STANDARD = gnu11;
				GCC_DYNAMIC_NO_PIC = NO;
				GCC_NO_COMMON_BLOCKS = YES;
				GCC_OPTIMIZATION_LEVEL = 0;
				GCC_PREPROCESSOR_DEFINITIONS = (
					"DEBUG=1",
					"$(inherited)",
				);
				GCC_WARN_64_TO_32_BIT_CONVERSION = YES;
				GCC_WARN_ABOUT_RETURN_TYPE = YES_ERROR;
				GCC_WARN_UNDECLARED_SELECTOR = YES;
				GCC_WARN_UNINITIALIZED_AUTOS = YES_AGGRESSIVE;
				GCC_WARN_UNUSED_FUNCTION = YES;
				GCC_WARN_UNUSED_VARIABLE = YES;
				IPHONEOS_DEPLOYMENT_TARGET = 11.0;
				MTL_ENABLE_DEBUG_INFO = YES;
				ONLY_ACTIVE_ARCH = YES;
				SDKROOT = iphoneos;
				SWIFT_ACTIVE_COMPILATION_CONDITIONS = DEBUG;
				SWIFT_OPTIMIZATION_LEVEL = "-Onone";
			};
			name = Debug;
		};
		C4D8329B20119B2000BB484D /* Release */ = {
			isa = XCBuildConfiguration;
			buildSettings = {
				ALWAYS_SEARCH_USER_PATHS = NO;
				CLANG_ANALYZER_NONNULL = YES;
				CLANG_ANALYZER_NUMBER_OBJECT_CONVERSION = YES_AGGRESSIVE;
				CLANG_CXX_LANGUAGE_STANDARD = "gnu++14";
				CLANG_CXX_LIBRARY = "libc++";
				CLANG_ENABLE_MODULES = YES;
				CLANG_ENABLE_OBJC_ARC = YES;
				CLANG_WARN_BLOCK_CAPTURE_AUTORELEASING = YES;
				CLANG_WARN_BOOL_CONVERSION = YES;
				CLANG_WARN_COMMA = YES;
				CLANG_WARN_CONSTANT_CONVERSION = YES;
				CLANG_WARN_DIRECT_OBJC_ISA_USAGE = YES_ERROR;
				CLANG_WARN_DOCUMENTATION_COMMENTS = YES;
				CLANG_WARN_EMPTY_BODY = YES;
				CLANG_WARN_ENUM_CONVERSION = YES;
				CLANG_WARN_INFINITE_RECURSION = YES;
				CLANG_WARN_INT_CONVERSION = YES;
				CLANG_WARN_NON_LITERAL_NULL_CONVERSION = YES;
				CLANG_WARN_OBJC_LITERAL_CONVERSION = YES;
				CLANG_WARN_OBJC_ROOT_CLASS = YES_ERROR;
				CLANG_WARN_RANGE_LOOP_ANALYSIS = YES;
				CLANG_WARN_STRICT_PROTOTYPES = YES;
				CLANG_WARN_SUSPICIOUS_MOVE = YES;
				CLANG_WARN_UNGUARDED_AVAILABILITY = YES_AGGRESSIVE;
				CLANG_WARN_UNREACHABLE_CODE = YES;
				CLANG_WARN__DUPLICATE_METHOD_MATCH = YES;
				CODE_SIGN_IDENTITY = "iPhone Developer";
				COPY_PHASE_STRIP = NO;
				DEBUG_INFORMATION_FORMAT = "dwarf-with-dsym";
				ENABLE_NS_ASSERTIONS = NO;
				ENABLE_STRICT_OBJC_MSGSEND = YES;
				GCC_C_LANGUAGE_STANDARD = gnu11;
				GCC_NO_COMMON_BLOCKS = YES;
				GCC_WARN_64_TO_32_BIT_CONVERSION = YES;
				GCC_WARN_ABOUT_RETURN_TYPE = YES_ERROR;
				GCC_WARN_UNDECLARED_SELECTOR = YES;
				GCC_WARN_UNINITIALIZED_AUTOS = YES_AGGRESSIVE;
				GCC_WARN_UNUSED_FUNCTION = YES;
				GCC_WARN_UNUSED_VARIABLE = YES;
				IPHONEOS_DEPLOYMENT_TARGET = 11.0;
				MTL_ENABLE_DEBUG_INFO = NO;
				SDKROOT = iphoneos;
				SWIFT_OPTIMIZATION_LEVEL = "-Owholemodule";
				VALIDATE_PRODUCT = YES;
			};
			name = Release;
		};
		C4D8329D20119B2000BB484D /* Debug */ = {
			isa = XCBuildConfiguration;
			buildSettings = {
				ASSETCATALOG_COMPILER_APPICON_NAME = AppIcon;
				CODE_SIGN_STYLE = Automatic;
				INFOPLIST_FILE = "Quiz iOS Lulus/Info.plist";
				LD_RUNPATH_SEARCH_PATHS = "$(inherited) @executable_path/Frameworks";
				PRODUCT_BUNDLE_IDENTIFIER = "Doko.Quiz-iOS-Lulus";
				PRODUCT_NAME = "$(TARGET_NAME)";
				SWIFT_VERSION = 4.0;
				TARGETED_DEVICE_FAMILY = "1,2";
			};
			name = Debug;
		};
		C4D8329E20119B2000BB484D /* Release */ = {
			isa = XCBuildConfiguration;
			buildSettings = {
				ASSETCATALOG_COMPILER_APPICON_NAME = AppIcon;
				CODE_SIGN_STYLE = Automatic;
				INFOPLIST_FILE = "Quiz iOS Lulus/Info.plist";
				LD_RUNPATH_SEARCH_PATHS = "$(inherited) @executable_path/Frameworks";
				PRODUCT_BUNDLE_IDENTIFIER = "Doko.Quiz-iOS-Lulus";
				PRODUCT_NAME = "$(TARGET_NAME)";
				SWIFT_VERSION = 4.0;
				TARGETED_DEVICE_FAMILY = "1,2";
			};
			name = Release;
		};
		C4D832A020119B2000BB484D /* Debug */ = {
			isa = XCBuildConfiguration;
			buildSettings = {
				ALWAYS_EMBED_SWIFT_STANDARD_LIBRARIES = YES;
				BUNDLE_LOADER = "$(TEST_HOST)";
				CODE_SIGN_STYLE = Automatic;
				INFOPLIST_FILE = "Quiz iOS LulusTests/Info.plist";
				LD_RUNPATH_SEARCH_PATHS = "$(inherited) @executable_path/Frameworks @loader_path/Frameworks";
				PRODUCT_BUNDLE_IDENTIFIER = "Doko.Quiz-iOS-LulusTests";
				PRODUCT_NAME = "$(TARGET_NAME)";
				SWIFT_VERSION = 4.0;
				TARGETED_DEVICE_FAMILY = "1,2";
				TEST_HOST = "$(BUILT_PRODUCTS_DIR)/Quiz iOS Lulus.app/Quiz iOS Lulus";
			};
			name = Debug;
		};
		C4D832A120119B2000BB484D /* Release */ = {
			isa = XCBuildConfiguration;
			buildSettings = {
				ALWAYS_EMBED_SWIFT_STANDARD_LIBRARIES = YES;
				BUNDLE_LOADER = "$(TEST_HOST)";
				CODE_SIGN_STYLE = Automatic;
				INFOPLIST_FILE = "Quiz iOS LulusTests/Info.plist";
				LD_RUNPATH_SEARCH_PATHS = "$(inherited) @executable_path/Frameworks @loader_path/Frameworks";
				PRODUCT_BUNDLE_IDENTIFIER = "Doko.Quiz-iOS-LulusTests";
				PRODUCT_NAME = "$(TARGET_NAME)";
				SWIFT_VERSION = 4.0;
				TARGETED_DEVICE_FAMILY = "1,2";
				TEST_HOST = "$(BUILT_PRODUCTS_DIR)/Quiz iOS Lulus.app/Quiz iOS Lulus";
			};
			name = Release;
		};
		C4D832A320119B2000BB484D /* Debug */ = {
			isa = XCBuildConfiguration;
			buildSettings = {
				ALWAYS_EMBED_SWIFT_STANDARD_LIBRARIES = YES;
				CODE_SIGN_STYLE = Automatic;
				INFOPLIST_FILE = "Quiz iOS LulusUITests/Info.plist";
				LD_RUNPATH_SEARCH_PATHS = "$(inherited) @executable_path/Frameworks @loader_path/Frameworks";
				PRODUCT_BUNDLE_IDENTIFIER = "Doko.Quiz-iOS-LulusUITests";
				PRODUCT_NAME = "$(TARGET_NAME)";
				SWIFT_VERSION = 4.0;
				TARGETED_DEVICE_FAMILY = "1,2";
				TEST_TARGET_NAME = "Quiz iOS Lulus";
			};
			name = Debug;
		};
		C4D832A420119B2000BB484D /* Release */ = {
			isa = XCBuildConfiguration;
			buildSettings = {
				ALWAYS_EMBED_SWIFT_STANDARD_LIBRARIES = YES;
				CODE_SIGN_STYLE = Automatic;
				INFOPLIST_FILE = "Quiz iOS LulusUITests/Info.plist";
				LD_RUNPATH_SEARCH_PATHS = "$(inherited) @executable_path/Frameworks @loader_path/Frameworks";
				PRODUCT_BUNDLE_IDENTIFIER = "Doko.Quiz-iOS-LulusUITests";
				PRODUCT_NAME = "$(TARGET_NAME)";
				SWIFT_VERSION = 4.0;
				TARGETED_DEVICE_FAMILY = "1,2";
				TEST_TARGET_NAME = "Quiz iOS Lulus";
			};
			name = Release;
		};
/* End XCBuildConfiguration section */

/* Begin XCConfigurationList section */
		C4D8326F20119B2000BB484D /* Build configuration list for PBXProject "Quiz iOS Lulus" */ = {
			isa = XCConfigurationList;
			buildConfigurations = (
				C4D8329A20119B2000BB484D /* Debug */,
				C4D8329B20119B2000BB484D /* Release */,
			);
			defaultConfigurationIsVisible = 0;
			defaultConfigurationName = Release;
		};
		C4D8329C20119B2000BB484D /* Build configuration list for PBXNativeTarget "Quiz iOS Lulus" */ = {
			isa = XCConfigurationList;
			buildConfigurations = (
				C4D8329D20119B2000BB484D /* Debug */,
				C4D8329E20119B2000BB484D /* Release */,
			);
			defaultConfigurationIsVisible = 0;
			defaultConfigurationName = Release;
		};
		C4D8329F20119B2000BB484D /* Build configuration list for PBXNativeTarget "Quiz iOS LulusTests" */ = {
			isa = XCConfigurationList;
			buildConfigurations = (
				C4D832A020119B2000BB484D /* Debug */,
				C4D832A120119B2000BB484D /* Release */,
			);
			defaultConfigurationIsVisible = 0;
			defaultConfigurationName = Release;
		};
		C4D832A220119B2000BB484D /* Build configuration list for PBXNativeTarget "Quiz iOS LulusUITests" */ = {
			isa = XCConfigurationList;
			buildConfigurations = (
				C4D832A320119B2000BB484D /* Debug */,
				C4D832A420119B2000BB484D /* Release */,
			);
			defaultConfigurationIsVisible = 0;
			defaultConfigurationName = Release;
		};
/* End XCConfigurationList section */
	};
	rootObject = C4D8326C20119B2000BB484D /* Project object */;
}
